
Microsoft Visual Studio Solution File, Format Version 12.00
# Visual Studio Version 16
VisualStudioVersion = 16.0.29418.71
MinimumVisualStudioVersion = 10.0.40219.1
Project("{FAE04EC0-301F-11D3-BF4B-00C04F79EFBC}") = "CSPersistentGeneratorLib", "CSPersistentGeneratorLib\CSPersistentGeneratorLib.csproj", "{A032C78C-1AF8-40CB-8CDA-373FAFFC3BCC}"
EndProject
Global
	GlobalSection(SolutionConfigurationPlatforms) = preSolution
		Debug|Any CPU = Debug|Any CPU
		Release|Any CPU = Release|Any CPU
	EndGlobalSection
	GlobalSection(ProjectConfigurationPlatforms) = postSolution
		{A032C78C-1AF8-40CB-8CDA-373FAFFC3BCC}.Debug|Any CPU.ActiveCfg = Debug|Any CPU
		{A032C78C-1AF8-40CB-8CDA-373FAFFC3BCC}.Debug|Any CPU.Build.0 = Debug|Any CPU
		{A032C78C-1AF8-40CB-8CDA-373FAFFC3BCC}.Release|Any CPU.ActiveCfg = Release|Any CPU
		{A032C78C-1AF8-40CB-8CDA-373FAFFC3BCC}.Release|Any CPU.Build.0 = Release|Any CPU
	EndGlobalSection
	GlobalSection(SolutionProperties) = preSolution
		HideSolutionNode = FALSE
	EndGlobalSection
	GlobalSection(ExtensibilityGlobals) = postSolution
		SolutionGuid = {29D4CA86-A8D0-4020-A3CE-BC413D36913B}
	EndGlobalSection
EndGlobal
